
Microsoft Visual Studio Solution File, Format Version 12.00
# Visual Studio Version 16
VisualStudioVersion = 16.0.30907.101
MinimumVisualStudioVersion = 10.0.40219.1
Project("{8BC9CEB8-8B4A-11D0-8D11-00A0C91BC942}") = "MW3_Tweaker", "MW3_Tweaker\MW3_Tweaker.vcxproj", "{E0F3D7D7-C880-4E53-A7DE-7F05D7596607}"
EndProject
Global
	GlobalSection(SolutionConfigurationPlatforms) = preSolution
		Release|Win32 = Release|Win32
	EndGlobalSection
	GlobalSection(ProjectConfigurationPlatforms) = postSolution
		{E0F3D7D7-C880-4E53-A7DE-7F05D7596607}.Release|Win32.ActiveCfg = Release|Win32
		{E0F3D7D7-C880-4E53-A7DE-7F05D7596607}.Release|Win32.Build.0 = Release|Win32
	EndGlobalSection
	GlobalSection(SolutionProperties) = preSolution
		HideSolutionNode = FALSE
	EndGlobalSection
	GlobalSection(ExtensibilityGlobals) = postSolution
		SolutionGuid = {14919348-0364-47A0-A614-C1A355346396}
	EndGlobalSection
EndGlobal
